version = 1
revision = 3
requires-python = ">=3.14"

[[package]]
name = "funcparserlib"
version = "1.0.1"
source = { registry = "https://pypi.org/simple" }
sdist = { url = "https://files.pythonhosted.org/packages/93/44/a21dfd9c45ad6909257e5186378a4fedaf41406824ce1ec06bc2a6c168e7/funcparserlib-1.0.1.tar.gz", hash = "sha256:a2c4a0d7942f7a0e7635c369d921066c8d4cae7f8b5bf7914466bec3c69837f4", size = 17238, upload-time = "2022-11-03T23:10:54.553Z" }
wheels = [
    { url = "https://files.pythonhosted.org/packages/83/66/acd740d84f59c655935f586c113a863aa404dfe932052a68a1163d88ea63/funcparserlib-1.0.1-py2.py3-none-any.whl", hash = "sha256:95da15d3f0d00b9b6f4bf04005c708af3faa115f7b45692ace064ebe758c68e8", size = 17842, upload-time = "2022-11-03T23:10:53.434Z" },
]

[[package]]
name = "hy"
version = "1.3.0"
source = { registry = "https://pypi.org/simple" }
dependencies = [
    { name = "funcparserlib" },
]
sdist = { url = "https://files.pythonhosted.org/packages/96/18/ded2cebddf51e424fa31ea4ec31679a793d41e474242e9692ffafdaf84ad/hy-1.3.0.tar.gz", hash = "sha256:4af4bd7b262ba0f41bc2d441219ddb455036c0e8890b279b4aa889390baedad7", size = 126966, upload-time = "2026-05-24T14:05:13.659Z" }

[[package]]
name = "hyrule"
version = "1.0.1"
source = { registry = "https://pypi.org/simple" }
dependencies = [
    { name = "hy" },
]
sdist = { url = "https://files.pythonhosted.org/packages/b7/76/df9179486a141be76c223599151c21d2aab6e346829587c0099f18b2176d/hyrule-1.0.1.tar.gz", hash = "sha256:3647d5650cf5b0c728fcbbe3a74f551752a637c69b1a85aef91f6573e81009e7", size = 33503, upload-time = "2025-11-19T19:25:10.915Z" }

[[package]]
name = "pyrsistent"
version = "0.20.0"
source = { registry = "https://pypi.org/simple" }
sdist = { url = "https://files.pythonhosted.org/packages/ce/3a/5031723c09068e9c8c2f0bc25c3a9245f2b1d1aea8396c787a408f2b95ca/pyrsistent-0.20.0.tar.gz", hash = "sha256:4c48f78f62ab596c679086084d0dd13254ae4f3d6c72a83ffdf5ebdef8f265a4", size = 103642, upload-time = "2023-10-25T21:06:56.342Z" }
wheels = [
    { url = "https://files.pythonhosted.org/packages/23/88/0acd180010aaed4987c85700b7cc17f9505f3edb4e5873e4dc67f613e338/pyrsistent-0.20.0-py3-none-any.whl", hash = "sha256:c55acc4733aad6560a7f5f818466631f07efc001fd023f34a6c203f8b6df0f0b", size = 58106, upload-time = "2023-10-25T21:06:54.387Z" },
]

[[package]]
name = "thyforce"
version = "0.1.0"
source = { editable = "." }
dependencies = [
    { name = "hy" },
    { name = "hyrule" },
    { name = "pyrsistent" },
    { name = "toolz" },
]

[package.metadata]
requires-dist = [
    { name = "hy", specifier = ">=1.3.0" },
    { name = "hyrule", specifier = ">=1.0.1" },
    { name = "pyrsistent", specifier = ">=0.20.0" },
    { name = "toolz", specifier = ">=1.1.0" },
]

[package.metadata.requires-dev]
dev = []

[[package]]
name = "toolz"
version = "1.1.0"
source = { registry = "https://pypi.org/simple" }
sdist = { url = "https://files.pythonhosted.org/packages/11/d6/114b492226588d6ff54579d95847662fc69196bdeec318eb45393b24c192/toolz-1.1.0.tar.gz", hash = "sha256:27a5c770d068c110d9ed9323f24f1543e83b2f300a687b7891c1a6d56b697b5b", size = 52613, upload-time = "2025-10-17T04:03:21.661Z" }
wheels = [
    { url = "https://files.pythonhosted.org/packages/fb/12/5911ae3eeec47800503a238d971e51722ccea5feb8569b735184d5fcdbc0/toolz-1.1.0-py3-none-any.whl", hash = "sha256:15ccc861ac51c53696de0a5d6d4607f99c210739caf987b5d2054f3efed429d8", size = 58093, upload-time = "2025-10-17T04:03:20.435Z" },
]
